
Microsoft Visual Studio Solution File, Format Version 12.00
# Visual Studio Version 17
VisualStudioVersion = 17.9.34714.143
MinimumVisualStudioVersion = 10.0.40219.1
Project("{FAE04EC0-301F-11D3-BF4B-00C04F79EFBC}") = "Windows_service", "Windows_service\Windows_service.csproj", "{4E0B2F67-9152-476F-B80A-D0BBCB13102E}"
EndProject
Global
	GlobalSection(SolutionConfigurationPlatforms) = preSolution
		Debug|Any CPU = Debug|Any CPU
		Release|Any CPU = Release|Any CPU
	EndGlobalSection
	GlobalSection(ProjectConfigurationPlatforms) = postSolution
		{4E0B2F67-9152-476F-B80A-D0BBCB13102E}.Debug|Any CPU.ActiveCfg = Debug|Any CPU
		{4E0B2F67-9152-476F-B80A-D0BBCB13102E}.Debug|Any CPU.Build.0 = Debug|Any CPU
		{4E0B2F67-9152-476F-B80A-D0BBCB13102E}.Release|Any CPU.ActiveCfg = Release|Any CPU
		{4E0B2F67-9152-476F-B80A-D0BBCB13102E}.Release|Any CPU.Build.0 = Release|Any CPU
	EndGlobalSection
	GlobalSection(SolutionProperties) = preSolution
		HideSolutionNode = FALSE
	EndGlobalSection
	GlobalSection(ExtensibilityGlobals) = postSolution
		SolutionGuid = {D563CFFE-4C1F-489C-8016-368024231F68}
	EndGlobalSection
EndGlobal
